
Microsoft Visual Studio Solution File, Format Version 12.00
# Visual Studio Version 16
VisualStudioVersion = 16.0.28711.60
MinimumVisualStudioVersion = 10.0.40219.1
Project("{9A19103F-16F7-4668-BE54-9A1E7A4F7556}") = "GenericHostedServiceAsService", "GenericHostedServiceAsService\GenericHostedServiceAsService.csproj", "{6DDB402C-091A-4D84-8F12-C945CE118C47}"
EndProject
Project("{9A19103F-16F7-4668-BE54-9A1E7A4F7556}") = "GenericHostedServiceAsAService.Demo", "GenericHostedServiceAsAService.Demo\GenericHostedServiceAsAService.Demo.csproj", "{6027A126-FAA5-43E3-8628-646080A10670}"
EndProject
Global
	GlobalSection(SolutionConfigurationPlatforms) = preSolution
		Debug|Any CPU = Debug|Any CPU
		Release|Any CPU = Release|Any CPU
	EndGlobalSection
	GlobalSection(ProjectConfigurationPlatforms) = postSolution
		{6DDB402C-091A-4D84-8F12-C945CE118C47}.Debug|Any CPU.ActiveCfg = Debug|Any CPU
		{6DDB402C-091A-4D84-8F12-C945CE118C47}.Debug|Any CPU.Build.0 = Debug|Any CPU
		{6DDB402C-091A-4D84-8F12-C945CE118C47}.Release|Any CPU.ActiveCfg = Release|Any CPU
		{6DDB402C-091A-4D84-8F12-C945CE118C47}.Release|Any CPU.Build.0 = Release|Any CPU
		{6027A126-FAA5-43E3-8628-646080A10670}.Debug|Any CPU.ActiveCfg = Debug|Any CPU
		{6027A126-FAA5-43E3-8628-646080A10670}.Debug|Any CPU.Build.0 = Debug|Any CPU
		{6027A126-FAA5-43E3-8628-646080A10670}.Release|Any CPU.ActiveCfg = Release|Any CPU
		{6027A126-FAA5-43E3-8628-646080A10670}.Release|Any CPU.Build.0 = Release|Any CPU
	EndGlobalSection
	GlobalSection(SolutionProperties) = preSolution
		HideSolutionNode = FALSE
	EndGlobalSection
	GlobalSection(ExtensibilityGlobals) = postSolution
		SolutionGuid = {F3F32A4A-01A7-40F1-B847-6671F403B576}
	EndGlobalSection
EndGlobal
